
Microsoft Visual Studio Solution File, Format Version 12.00
Project("{FAE04EC0-301F-11D3-BF4B-00C04F79EFBC}") = "FilesMarker", "FilesMarker\FilesMarker.csproj", "{96E57193-A02D-4F9D-9E61-3A313680180D}"
EndProject
Project("{FAE04EC0-301F-11D3-BF4B-00C04F79EFBC}") = "FilesMarker.Repository", "FilesMarker.Repository\FilesMarker.Repository.csproj", "{C208629E-906F-43FA-92AF-1A8424D66A94}"
EndProject
Project("{FAE04EC0-301F-11D3-BF4B-00C04F79EFBC}") = "FileMarker.Abstractions", "FileMarker.Abstractions\FileMarker.Abstractions.csproj", "{B89A6CEE-EEFC-4FA2-B6F0-1F151227C3FC}"
EndProject
Global
	GlobalSection(SolutionConfigurationPlatforms) = preSolution
		Debug|Any CPU = Debug|Any CPU
		Release|Any CPU = Release|Any CPU
	EndGlobalSection
	GlobalSection(ProjectConfigurationPlatforms) = postSolution
		{96E57193-A02D-4F9D-9E61-3A313680180D}.Debug|Any CPU.ActiveCfg = Debug|Any CPU
		{96E57193-A02D-4F9D-9E61-3A313680180D}.Debug|Any CPU.Build.0 = Debug|Any CPU
		{96E57193-A02D-4F9D-9E61-3A313680180D}.Release|Any CPU.ActiveCfg = Release|Any CPU
		{96E57193-A02D-4F9D-9E61-3A313680180D}.Release|Any CPU.Build.0 = Release|Any CPU
		{C208629E-906F-43FA-92AF-1A8424D66A94}.Debug|Any CPU.ActiveCfg = Debug|Any CPU
		{C208629E-906F-43FA-92AF-1A8424D66A94}.Debug|Any CPU.Build.0 = Debug|Any CPU
		{C208629E-906F-43FA-92AF-1A8424D66A94}.Release|Any CPU.ActiveCfg = Release|Any CPU
		{C208629E-906F-43FA-92AF-1A8424D66A94}.Release|Any CPU.Build.0 = Release|Any CPU
		{B89A6CEE-EEFC-4FA2-B6F0-1F151227C3FC}.Debug|Any CPU.ActiveCfg = Debug|Any CPU
		{B89A6CEE-EEFC-4FA2-B6F0-1F151227C3FC}.Debug|Any CPU.Build.0 = Debug|Any CPU
		{B89A6CEE-EEFC-4FA2-B6F0-1F151227C3FC}.Release|Any CPU.ActiveCfg = Release|Any CPU
		{B89A6CEE-EEFC-4FA2-B6F0-1F151227C3FC}.Release|Any CPU.Build.0 = Release|Any CPU
	EndGlobalSection
EndGlobal
